
Microsoft Visual Studio Solution File, Format Version 12.00
# Visual Studio 2012
Project("{FAE04EC0-301F-11D3-BF4B-00C04F79EFBC}") = "DynamicService", "DynamicService\DynamicService.csproj", "{F874DEB8-E8DB-486F-9BA7-5205FEDEB66D}"
EndProject
Project("{FAE04EC0-301F-11D3-BF4B-00C04F79EFBC}") = "DynamicAgente", "DynamicAgente\DynamicAgente.csproj", "{3C3DD979-2D1E-41F5-959F-2781F45FA02F}"
EndProject
Project("{6141683F-8A12-4E36-9623-2EB02B2C2303}") = "DynamicServiceSetup", "DynamicServiceSetup\DynamicServiceSetup.isproj", "{DC8751DD-B402-4276-8AF0-5ADD5B719056}"
	ProjectSection(ProjectDependencies) = postProject
		{3C3DD979-2D1E-41F5-959F-2781F45FA02F} = {3C3DD979-2D1E-41F5-959F-2781F45FA02F}
		{F874DEB8-E8DB-486F-9BA7-5205FEDEB66D} = {F874DEB8-E8DB-486F-9BA7-5205FEDEB66D}
	EndProjectSection
EndProject
Global
	GlobalSection(SolutionConfigurationPlatforms) = preSolution
		CD_ROM|Any CPU = CD_ROM|Any CPU
		Debug|Any CPU = Debug|Any CPU
		DVD-5|Any CPU = DVD-5|Any CPU
		Release|Any CPU = Release|Any CPU
		SingleImage|Any CPU = SingleImage|Any CPU
	EndGlobalSection
	GlobalSection(ProjectConfigurationPlatforms) = postSolution
		{F874DEB8-E8DB-486F-9BA7-5205FEDEB66D}.CD_ROM|Any CPU.ActiveCfg = Release|Any CPU
		{F874DEB8-E8DB-486F-9BA7-5205FEDEB66D}.CD_ROM|Any CPU.Build.0 = Release|Any CPU
		{F874DEB8-E8DB-486F-9BA7-5205FEDEB66D}.Debug|Any CPU.ActiveCfg = Release|Any CPU
		{F874DEB8-E8DB-486F-9BA7-5205FEDEB66D}.Debug|Any CPU.Build.0 = Release|Any CPU
		{F874DEB8-E8DB-486F-9BA7-5205FEDEB66D}.DVD-5|Any CPU.ActiveCfg = Debug|Any CPU
		{F874DEB8-E8DB-486F-9BA7-5205FEDEB66D}.DVD-5|Any CPU.Build.0 = Debug|Any CPU
		{F874DEB8-E8DB-486F-9BA7-5205FEDEB66D}.Release|Any CPU.ActiveCfg = Release|Any CPU
		{F874DEB8-E8DB-486F-9BA7-5205FEDEB66D}.Release|Any CPU.Build.0 = Release|Any CPU
		{F874DEB8-E8DB-486F-9BA7-5205FEDEB66D}.SingleImage|Any CPU.ActiveCfg = Release|Any CPU
		{F874DEB8-E8DB-486F-9BA7-5205FEDEB66D}.SingleImage|Any CPU.Build.0 = Release|Any CPU
		{3C3DD979-2D1E-41F5-959F-2781F45FA02F}.CD_ROM|Any CPU.ActiveCfg = Release|Any CPU
		{3C3DD979-2D1E-41F5-959F-2781F45FA02F}.CD_ROM|Any CPU.Build.0 = Release|Any CPU
		{3C3DD979-2D1E-41F5-959F-2781F45FA02F}.Debug|Any CPU.ActiveCfg = Release|Any CPU
		{3C3DD979-2D1E-41F5-959F-2781F45FA02F}.Debug|Any CPU.Build.0 = Release|Any CPU
		{3C3DD979-2D1E-41F5-959F-2781F45FA02F}.DVD-5|Any CPU.ActiveCfg = Debug|Any CPU
		{3C3DD979-2D1E-41F5-959F-2781F45FA02F}.DVD-5|Any CPU.Build.0 = Debug|Any CPU
		{3C3DD979-2D1E-41F5-959F-2781F45FA02F}.Release|Any CPU.ActiveCfg = Release|Any CPU
		{3C3DD979-2D1E-41F5-959F-2781F45FA02F}.Release|Any CPU.Build.0 = Release|Any CPU
		{3C3DD979-2D1E-41F5-959F-2781F45FA02F}.SingleImage|Any CPU.ActiveCfg = Release|Any CPU
		{3C3DD979-2D1E-41F5-959F-2781F45FA02F}.SingleImage|Any CPU.Build.0 = Release|Any CPU
		{DC8751DD-B402-4276-8AF0-5ADD5B719056}.CD_ROM|Any CPU.ActiveCfg = CD_ROM
		{DC8751DD-B402-4276-8AF0-5ADD5B719056}.CD_ROM|Any CPU.Build.0 = CD_ROM
		{DC8751DD-B402-4276-8AF0-5ADD5B719056}.Debug|Any CPU.ActiveCfg = SingleImage
		{DC8751DD-B402-4276-8AF0-5ADD5B719056}.Debug|Any CPU.Build.0 = SingleImage
		{DC8751DD-B402-4276-8AF0-5ADD5B719056}.DVD-5|Any CPU.ActiveCfg = DVD-5
		{DC8751DD-B402-4276-8AF0-5ADD5B719056}.DVD-5|Any CPU.Build.0 = DVD-5
		{DC8751DD-B402-4276-8AF0-5ADD5B719056}.Release|Any CPU.ActiveCfg = SingleImage
		{DC8751DD-B402-4276-8AF0-5ADD5B719056}.Release|Any CPU.Build.0 = SingleImage
		{DC8751DD-B402-4276-8AF0-5ADD5B719056}.SingleImage|Any CPU.ActiveCfg = SingleImage
		{DC8751DD-B402-4276-8AF0-5ADD5B719056}.SingleImage|Any CPU.Build.0 = SingleImage
	EndGlobalSection
	GlobalSection(SolutionProperties) = preSolution
		HideSolutionNode = FALSE
	EndGlobalSection
EndGlobal
